// !$*UTF8*$!
{
	archiveVersion = 1;
	classes = {
	};
	objectVersion = 50;
	objects = {

/* Begin PBXBuildFile section */
		2986D87F235FCC8A0064B4B7 /* AppDelegate.swift in Sources */ = {isa = PBXBuildFile; fileRef = 2986D87E235FCC8A0064B4B7 /* AppDelegate.swift */; };
		2986D881235FCC8A0064B4B7 /* SceneDelegate.swift in Sources */ = {isa = PBXBuildFile; fileRef = 2986D880235FCC8A0064B4B7 /* SceneDelegate.swift */; };
		2986D883235FCC8A0064B4B7 /* ViewController.swift in Sources */ = {isa = PBXBuildFile; fileRef = 2986D882235FCC8A0064B4B7 /* ViewController.swift */; };
		2986D886235FCC8A0064B4B7 /* Main.storyboard in Resources */ = {isa = PBXBuildFile; fileRef = 2986D884235FCC8A0064B4B7 /* Main.storyboard */; };
		2986D888235FCC970064B4B7 /* Assets.xcassets in Resources */ = {isa = PBXBuildFile; fileRef = 2986D887235FCC970064B4B7 /* Assets.xcassets */; };
		2986D88B235FCC970064B4B7 /* LaunchScreen.storyboard in Resources */ = {isa = PBXBuildFile; fileRef = 2986D889235FCC970064B4B7 /* LaunchScreen.storyboard */; };
		2986D896235FCC970064B4B7 /* RxSwiftSampleTests.swift in Sources */ = {isa = PBXBuildFile; fileRef = 2986D895235FCC970064B4B7 /* RxSwiftSampleTests.swift */; };
		2986D8A1235FCC970064B4B7 /* RxSwiftSampleUITests.swift in Sources */ = {isa = PBXBuildFile; fileRef = 2986D8A0235FCC970064B4B7 /* RxSwiftSampleUITests.swift */; };
		2986D8B0235FD4E00064B4B7 /* RxSwift.framework in Frameworks */ = {isa = PBXBuildFile; fileRef = 2986D8AF235FD4E00064B4B7 /* RxSwift.framework */; };
		2986D8B1235FD4E00064B4B7 /* RxSwift.framework in Embed Frameworks */ = {isa = PBXBuildFile; fileRef = 2986D8AF235FD4E00064B4B7 /* RxSwift.framework */; settings = {ATTRIBUTES = (CodeSignOnCopy, RemoveHeadersOnCopy, ); }; };
		2986D8B5235FDAE50064B4B7 /* RxCocoa.framework in Frameworks */ = {isa = PBXBuildFile; fileRef = 2986D8B4235FDAE50064B4B7 /* RxCocoa.framework */; };
		2986D8B7235FDB030064B4B7 /* RxRelay.framework in Frameworks */ = {isa = PBXBuildFile; fileRef = 2986D8B6235FDB030064B4B7 /* RxRelay.framework */; };
/* End PBXBuildFile section */

/* Begin PBXContainerItemProxy section */
		2986D892235FCC970064B4B7 /* PBXContainerItemProxy */ = {
			isa = PBXContainerItemProxy;
			containerPortal = 2986D873235FCC8A0064B4B7 /* Project object */;
			proxyType = 1;
			remoteGlobalIDString = 2986D87A235FCC8A0064B4B7;
			remoteInfo = RxSwiftSample;
		};
		2986D89D235FCC970064B4B7 /* PBXContainerItemProxy */ = {
			isa = PBXContainerItemProxy;
			containerPortal = 2986D873235FCC8A0064B4B7 /* Project object */;
			proxyType = 1;
			remoteGlobalIDString = 2986D87A235FCC8A0064B4B7;
			remoteInfo = RxSwiftSample;
		};
/* End PBXContainerItemProxy section */

/* Begin PBXCopyFilesBuildPhase section */
		2986D8B2235FD4E00064B4B7 /* Embed Frameworks */ = {
			isa = PBXCopyFilesBuildPhase;
			buildActionMask = 2147483647;
			dstPath = "";
			dstSubfolderSpec = 10;
			files = (
				2986D8B1235FD4E00064B4B7 /* RxSwift.framework in Embed Frameworks */,
			);
			name = "Embed Frameworks";
			runOnlyForDeploymentPostprocessing = 0;
		};
/* End PBXCopyFilesBuildPhase section */

/* Begin PBXFileReference section */
		2986D87B235FCC8A0064B4B7 /* RxSwiftSample.app */ = {isa = PBXFileReference; explicitFileType = wrapper.application; includeInIndex = 0; path = RxSwiftSample.app; sourceTree = BUILT_PRODUCTS_DIR; };
		2986D87E235FCC8A0064B4B7 /* AppDelegate.swift */ = {isa = PBXFileReference; lastKnownFileType = sourcecode.swift; path = AppDelegate.swift; sourceTree = "<group>"; };
		2986D880235FCC8A0064B4B7 /* SceneDelegate.swift */ = {isa = PBXFileReference; lastKnownFileType = sourcecode.swift; path = SceneDelegate.swift; sourceTree = "<group>"; };
		2986D882235FCC8A0064B4B7 /* ViewController.swift */ = {isa = PBXFileReference; lastKnownFileType = sourcecode.swift; path = ViewController.swift; sourceTree = "<group>"; };
		2986D885235FCC8A0064B4B7 /* Base */ = {isa = PBXFileReference; lastKnownFileType = file.storyboard; name = Base; path = Base.lproj/Main.storyboard; sourceTree = "<group>"; };
		2986D887235FCC970064B4B7 /* Assets.xcassets */ = {isa = PBXFileReference; lastKnownFileType = folder.assetcatalog; path = Assets.xcassets; sourceTree = "<group>"; };
		2986D88A235FCC970064B4B7 /* Base */ = {isa = PBXFileReference; lastKnownFileType = file.storyboard; name = Base; path = Base.lproj/LaunchScreen.storyboard; sourceTree = "<group>"; };
		2986D88C235FCC970064B4B7 /* Info.plist */ = {isa = PBXFileReference; lastKnownFileType = text.plist.xml; path = Info.plist; sourceTree = "<group>"; };
		2986D891235FCC970064B4B7 /* RxSwiftSampleTests.xctest */ = {isa = PBXFileReference; explicitFileType = wrapper.cfbundle; includeInIndex = 0; path = RxSwiftSampleTests.xctest; sourceTree = BUILT_PRODUCTS_DIR; };
		2986D895235FCC970064B4B7 /* RxSwiftSampleTests.swift */ = {isa = PBXFileReference; lastKnownFileType = sourcecode.swift; path = RxSwiftSampleTests.swift; sourceTree = "<group>"; };
		2986D897235FCC970064B4B7 /* Info.plist */ = {isa = PBXFileReference; lastKnownFileType = text.plist.xml; path = Info.plist; sourceTree = "<group>"; };
		2986D89C235FCC970064B4B7 /* RxSwiftSampleUITests.xctest */ = {isa = PBXFileReference; explicitFileType = wrapper.cfbundle; includeInIndex = 0; path = RxSwiftSampleUITests.xctest; sourceTree = BUILT_PRODUCTS_DIR; };
		2986D8A0235FCC970064B4B7 /* RxSwiftSampleUITests.swift */ = {isa = PBXFileReference; lastKnownFileType = sourcecode.swift; path = RxSwiftSampleUITests.swift; sourceTree = "<group>"; };
		2986D8A2235FCC970064B4B7 /* Info.plist */ = {isa = PBXFileReference; lastKnownFileType = text.plist.xml; path = Info.plist; sourceTree = "<group>"; };
		2986D8AF235FD4E00064B4B7 /* RxSwift.framework */ = {isa = PBXFileReference; lastKnownFileType = wrapper.framework; name = RxSwift.framework; path = Carthage/Build/iOS/RxSwift.framework; sourceTree = "<group>"; };
		2986D8B4235FDAE50064B4B7 /* RxCocoa.framework */ = {isa = PBXFileReference; lastKnownFileType = wrapper.framework; name = RxCocoa.framework; path = Carthage/Build/iOS/RxCocoa.framework; sourceTree = "<group>"; };
		2986D8B6235FDB030064B4B7 /* RxRelay.framework */ = {isa = PBXFileReference; lastKnownFileType = wrapper.framework; name = RxRelay.framework; path = Carthage/Build/iOS/RxRelay.framework; sourceTree = "<group>"; };
/* End PBXFileReference section */

/* Begin PBXFrameworksBuildPhase section */
		2986D878235FCC8A0064B4B7 /* Frameworks */ = {
			isa = PBXFrameworksBuildPhase;
			buildActionMask = 2147483647;
			files = (
				2986D8B7235FDB030064B4B7 /* RxRelay.framework in Frameworks */,
				2986D8B5235FDAE50064B4B7 /* RxCocoa.framework in Frameworks */,
				2986D8B0235FD4E00064B4B7 /* RxSwift.framework in Frameworks */,
			);
			runOnlyForDeploymentPostprocessing = 0;
		};
		2986D88E235FCC970064B4B7 /* Frameworks */ = {
			isa = PBXFrameworksBuildPhase;
			buildActionMask = 2147483647;
			files = (
			);
			runOnlyForDeploymentPostprocessing = 0;
		};
		2986D899235FCC970064B4B7 /* Frameworks */ = {
			isa = PBXFrameworksBuildPhase;
			buildActionMask = 2147483647;
			files = (
			);
			runOnlyForDeploymentPostprocessing = 0;
		};
/* End PBXFrameworksBuildPhase section */

/* Begin PBXGroup section */
		2986D872235FCC8A0064B4B7 = {
			isa = PBXGroup;
			children = (
				2986D87D235FCC8A0064B4B7 /* RxSwiftSample */,
				2986D894235FCC970064B4B7 /* RxSwiftSampleTests */,
				2986D89F235FCC970064B4B7 /* RxSwiftSampleUITests */,
				2986D87C235FCC8A0064B4B7 /* Products */,
				2986D8AE235FD4E00064B4B7 /* Frameworks */,
			);
			sourceTree = "<group>";
		};
		2986D87C235FCC8A0064B4B7 /* Products */ = {
			isa = PBXGroup;
			children = (
				2986D87B235FCC8A0064B4B7 /* RxSwiftSample.app */,
				2986D891235FCC970064B4B7 /* RxSwiftSampleTests.xctest */,
				2986D89C235FCC970064B4B7 /* RxSwiftSampleUITests.xctest */,
			);
			name = Products;
			sourceTree = "<group>";
		};
		2986D87D235FCC8A0064B4B7 /* RxSwiftSample */ = {
			isa = PBXGroup;
			children = (
				2986D87E235FCC8A0064B4B7 /* AppDelegate.swift */,
				2986D880235FCC8A0064B4B7 /* SceneDelegate.swift */,
				2986D882235FCC8A0064B4B7 /* ViewController.swift */,
				2986D884235FCC8A0064B4B7 /* Main.storyboard */,
				2986D887235FCC970064B4B7 /* Assets.xcassets */,
				2986D889235FCC970064B4B7 /* LaunchScreen.storyboard */,
				2986D88C235FCC970064B4B7 /* Info.plist */,
			);
			path = RxSwiftSample;
			sourceTree = "<group>";
		};
		2986D894235FCC970064B4B7 /* RxSwiftSampleTests */ = {
			isa = PBXGroup;
			children = (
				2986D895235FCC970064B4B7 /* RxSwiftSampleTests.swift */,
				2986D897235FCC970064B4B7 /* Info.plist */,
			);
			path = RxSwiftSampleTests;
			sourceTree = "<group>";
		};
		2986D89F235FCC970064B4B7 /* RxSwiftSampleUITests */ = {
			isa = PBXGroup;
			children = (
				2986D8A0235FCC970064B4B7 /* RxSwiftSampleUITests.swift */,
				2986D8A2235FCC970064B4B7 /* Info.plist */,
			);
			path = RxSwiftSampleUITests;
			sourceTree = "<group>";
		};
		2986D8AE235FD4E00064B4B7 /* Frameworks */ = {
			isa = PBXGroup;
			children = (
				2986D8B6235FDB030064B4B7 /* RxRelay.framework */,
				2986D8B4235FDAE50064B4B7 /* RxCocoa.framework */,
				2986D8AF235FD4E00064B4B7 /* RxSwift.framework */,
			);
			name = Frameworks;
			sourceTree = "<group>";
		};
/* End PBXGroup section */

/* Begin PBXNativeTarget section */
		2986D87A235FCC8A0064B4B7 /* RxSwiftSample */ = {
			isa = PBXNativeTarget;
			buildConfigurationList = 2986D8A5235FCC970064B4B7 /* Build configuration list for PBXNativeTarget "RxSwiftSample" */;
			buildPhases = (
				2986D877235FCC8A0064B4B7 /* Sources */,
				2986D878235FCC8A0064B4B7 /* Frameworks */,
				2986D879235FCC8A0064B4B7 /* Resources */,
				2986D8B2235FD4E00064B4B7 /* Embed Frameworks */,
				2986D8B3235FD5070064B4B7 /* ShellScript */,
			);
			buildRules = (
			);
			dependencies = (
			);
			name = RxSwiftSample;
			productName = RxSwiftSample;
			productReference = 2986D87B235FCC8A0064B4B7 /* RxSwiftSample.app */;
			productType = "com.apple.product-type.application";
		};
		2986D890235FCC970064B4B7 /* RxSwiftSampleTests */ = {
			isa = PBXNativeTarget;
			buildConfigurationList = 2986D8A8235FCC970064B4B7 /* Build configuration list for PBXNativeTarget "RxSwiftSampleTests" */;
			buildPhases = (
				2986D88D235FCC970064B4B7 /* Sources */,
				2986D88E235FCC970064B4B7 /* Frameworks */,
				2986D88F235FCC970064B4B7 /* Resources */,
			);
			buildRules = (
			);
			dependencies = (
				2986D893235FCC970064B4B7 /* PBXTargetDependency */,
			);
			name = RxSwiftSampleTests;
			productName = RxSwiftSampleTests;
			productReference = 2986D891235FCC970064B4B7 /* RxSwiftSampleTests.xctest */;
			productType = "com.apple.product-type.bundle.unit-test";
		};
		2986D89B235FCC970064B4B7 /* RxSwiftSampleUITests */ = {
			isa = PBXNativeTarget;
			buildConfigurationList = 2986D8AB235FCC970064B4B7 /* Build configuration list for PBXNativeTarget "RxSwiftSampleUITests" */;
			buildPhases = (
				2986D898235FCC970064B4B7 /* Sources */,
				2986D899235FCC970064B4B7 /* Frameworks */,
				2986D89A235FCC970064B4B7 /* Resources */,
			);
			buildRules = (
			);
			dependencies = (
				2986D89E235FCC970064B4B7 /* PBXTargetDependency */,
			);
			name = RxSwiftSampleUITests;
			productName = RxSwiftSampleUITests;
			productReference = 2986D89C235FCC970064B4B7 /* RxSwiftSampleUITests.xctest */;
			productType = "com.apple.product-type.bundle.ui-testing";
		};
/* End PBXNativeTarget section */

/* Begin PBXProject section */
		2986D873235FCC8A0064B4B7 /* Project object */ = {
			isa = PBXProject;
			attributes = {
				LastSwiftUpdateCheck = 1100;
				LastUpgradeCheck = 1100;
				ORGANIZATIONNAME = ryookano;
				TargetAttributes = {
					2986D87A235FCC8A0064B4B7 = {
						CreatedOnToolsVersion = 11.0;
					};
					2986D890235FCC970064B4B7 = {
						CreatedOnToolsVersion = 11.0;
						TestTargetID = 2986D87A235FCC8A0064B4B7;
					};
					2986D89B235FCC970064B4B7 = {
						CreatedOnToolsVersion = 11.0;
						TestTargetID = 2986D87A235FCC8A0064B4B7;
					};
				};
			};
			buildConfigurationList = 2986D876235FCC8A0064B4B7 /* Build configuration list for PBXProject "RxSwiftSample" */;
			compatibilityVersion = "Xcode 9.3";
			developmentRegion = en;
			hasScannedForEncodings = 0;
			knownRegions = (
				en,
				Base,
			);
			mainGroup = 2986D872235FCC8A0064B4B7;
			productRefGroup = 2986D87C235FCC8A0064B4B7 /* Products */;
			projectDirPath = "";
			projectRoot = "";
			targets = (
				2986D87A235FCC8A0064B4B7 /* RxSwiftSample */,
				2986D890235FCC970064B4B7 /* RxSwiftSampleTests */,
				2986D89B235FCC970064B4B7 /* RxSwiftSampleUITests */,
			);
		};
/* End PBXProject section */

/* Begin PBXResourcesBuildPhase section */
		2986D879235FCC8A0064B4B7 /* Resources */ = {
			isa = PBXResourcesBuildPhase;
			buildActionMask = 2147483647;
			files = (
				2986D88B235FCC970064B4B7 /* LaunchScreen.storyboard in Resources */,
				2986D888235FCC970064B4B7 /* Assets.xcassets in Resources */,
				2986D886235FCC8A0064B4B7 /* Main.storyboard in Resources */,
			);
			runOnlyForDeploymentPostprocessing = 0;
		};
		2986D88F235FCC970064B4B7 /* Resources */ = {
			isa = PBXResourcesBuildPhase;
			buildActionMask = 2147483647;
			files = (
			);
			runOnlyForDeploymentPostprocessing = 0;
		};
		2986D89A235FCC970064B4B7 /* Resources */ = {
			isa = PBXResourcesBuildPhase;
			buildActionMask = 2147483647;
			files = (
			);
			runOnlyForDeploymentPostprocessing = 0;
		};
/* End PBXResourcesBuildPhase section */

/* Begin PBXShellScriptBuildPhase section */
		2986D8B3235FD5070064B4B7 /* ShellScript */ = {
			isa = PBXShellScriptBuildPhase;
			buildActionMask = 2147483647;
			files = (
			);
			inputFileListPaths = (
			);
			inputPaths = (
				"$(SRCROOT)/Carthage/Build/iOS/RxSwift.framework",
				"$(SRCROOT)/Carthage/Build/iOS/RxCocoa.framework",
				"$(SRCROOT)/Carthage/Build/iOS/RxRelay.framework",
			);
			outputFileListPaths = (
			);
			outputPaths = (
			);
			runOnlyForDeploymentPostprocessing = 0;
			shellPath = /bin/sh;
			shellScript = "/usr/local/bin/carthage copy-frameworks\n";
		};
/* End PBXShellScriptBuildPhase section */

/* Begin PBXSourcesBuildPhase section */
		2986D877235FCC8A0064B4B7 /* Sources */ = {
			isa = PBXSourcesBuildPhase;
			buildActionMask = 2147483647;
			files = (
				2986D883235FCC8A0064B4B7 /* ViewController.swift in Sources */,
				2986D87F235FCC8A0064B4B7 /* AppDelegate.swift in Sources */,
				2986D881235FCC8A0064B4B7 /* SceneDelegate.swift in Sources */,
			);
			runOnlyForDeploymentPostprocessing = 0;
		};
		2986D88D235FCC970064B4B7 /* Sources */ = {
			isa = PBXSourcesBuildPhase;
			buildActionMask = 2147483647;
			files = (
				2986D896235FCC970064B4B7 /* RxSwiftSampleTests.swift in Sources */,
			);
			runOnlyForDeploymentPostprocessing = 0;
		};
		2986D898235FCC970064B4B7 /* Sources */ = {
			isa = PBXSourcesBuildPhase;
			buildActionMask = 2147483647;
			files = (
				2986D8A1235FCC970064B4B7 /* RxSwiftSampleUITests.swift in Sources */,
			);
			runOnlyForDeploymentPostprocessing = 0;
		};
/* End PBXSourcesBuildPhase section */

/* Begin PBXTargetDependency section */
		2986D893235FCC970064B4B7 /* PBXTargetDependency */ = {
			isa = PBXTargetDependency;
			target = 2986D87A235FCC8A0064B4B7 /* RxSwiftSample */;
			targetProxy = 2986D892235FCC970064B4B7 /* PBXContainerItemProxy */;
		};
		2986D89E235FCC970064B4B7 /* PBXTargetDependency */ = {
			isa = PBXTargetDependency;
			target = 2986D87A235FCC8A0064B4B7 /* RxSwiftSample */;
			targetProxy = 2986D89D235FCC970064B4B7 /* PBXContainerItemProxy */;
		};
/* End PBXTargetDependency section */

/* Begin PBXVariantGroup section */
		2986D884235FCC8A0064B4B7 /* Main.storyboard */ = {
			isa = PBXVariantGroup;
			children = (
				2986D885235FCC8A0064B4B7 /* Base */,
			);
			name = Main.storyboard;
			sourceTree = "<group>";
		};
		2986D889235FCC970064B4B7 /* LaunchScreen.storyboard */ = {
			isa = PBXVariantGroup;
			children = (
				2986D88A235FCC970064B4B7 /* Base */,
			);
			name = LaunchScreen.storyboard;
			sourceTree = "<group>";
		};
/* End PBXVariantGroup section */

/* Begin XCBuildConfiguration section */
		2986D8A3235FCC970064B4B7 /* Debug */ = {
			isa = XCBuildConfiguration;
			buildSettings = {
				ALWAYS_SEARCH_USER_PATHS = NO;
				CLANG_ANALYZER_NONNULL = YES;
				CLANG_ANALYZER_NUMBER_OBJECT_CONVERSION = YES_AGGRESSIVE;
				CLANG_CXX_LANGUAGE_STANDARD = "gnu++14";
				CLANG_CXX_LIBRARY = "libc++";
				CLANG_ENABLE_MODULES = YES;
				CLANG_ENABLE_OBJC_ARC = YES;
				CLANG_ENABLE_OBJC_WEAK = YES;
				CLANG_WARN_BLOCK_CAPTURE_AUTORELEASING = YES;
				CLANG_WARN_BOOL_CONVERSION = YES;
				CLANG_WARN_COMMA = YES;
				CLANG_WARN_CONSTANT_CONVERSION = YES;
				CLANG_WARN_DEPRECATED_OBJC_IMPLEMENTATIONS = YES;
				CLANG_WARN_DIRECT_OBJC_ISA_USAGE = YES_ERROR;
				CLANG_WARN_DOCUMENTATION_COMMENTS = YES;
				CLANG_WARN_EMPTY_BODY = YES;
				CLANG_WARN_ENUM_CONVERSION = YES;
				CLANG_WARN_INFINITE_RECURSION = YES;
				CLANG_WARN_INT_CONVERSION = YES;
				CLANG_WARN_NON_LITERAL_NULL_CONVERSION = YES;
				CLANG_WARN_OBJC_IMPLICIT_RETAIN_SELF = YES;
				CLANG_WARN_OBJC_LITERAL_CONVERSION = YES;
				CLANG_WARN_OBJC_ROOT_CLASS = YES_ERROR;
				CLANG_WARN_RANGE_LOOP_ANALYSIS = YES;
				CLANG_WARN_STRICT_PROTOTYPES = YES;
				CLANG_WARN_SUSPICIOUS_MOVE = YES;
				CLANG_WARN_UNGUARDED_AVAILABILITY = YES_AGGRESSIVE;
				CLANG_WARN_UNREACHABLE_CODE = YES;
				CLANG_WARN__DUPLICATE_METHOD_MATCH = YES;
				COPY_PHASE_STRIP = NO;
				DEBUG_INFORMATION_FORMAT = dwarf;
				ENABLE_STRICT_OBJC_MSGSEND = YES;
				ENABLE_TESTABILITY = YES;
				GCC_C_LANGUAGE_STANDARD = gnu11;
				GCC_DYNAMIC_NO_PIC = NO;
				GCC_NO_COMMON_BLOCKS = YES;
				GCC_OPTIMIZATION_LEVEL = 0;
				GCC_PREPROCESSOR_DEFINITIONS = (
					"DEBUG=1",
					"$(inherited)",
				);
				GCC_WARN_64_TO_32_BIT_CONVERSION = YES;
				GCC_WARN_ABOUT_RETURN_TYPE = YES_ERROR;
				GCC_WARN_UNDECLARED_SELECTOR = YES;
				GCC_WARN_UNINITIALIZED_AUTOS = YES_AGGRESSIVE;
				GCC_WARN_UNUSED_FUNCTION = YES;
				GCC_WARN_UNUSED_VARIABLE = YES;
				IPHONEOS_DEPLOYMENT_TARGET = 13.0;
				MTL_ENABLE_DEBUG_INFO = INCLUDE_SOURCE;
				MTL_FAST_MATH = YES;
				ONLY_ACTIVE_ARCH = YES;
				SDKROOT = iphoneos;
				SWIFT_ACTIVE_COMPILATION_CONDITIONS = DEBUG;
				SWIFT_OPTIMIZATION_LEVEL = "-Onone";
			};
			name = Debug;
		};
		2986D8A4235FCC970064B4B7 /* Release */ = {
			isa = XCBuildConfiguration;
			buildSettings = {
				ALWAYS_SEARCH_USER_PATHS = NO;
				CLANG_ANALYZER_NONNULL = YES;
				CLANG_ANALYZER_NUMBER_OBJECT_CONVERSION = YES_AGGRESSIVE;
				CLANG_CXX_LANGUAGE_STANDARD = "gnu++14";
				CLANG_CXX_LIBRARY = "libc++";
				CLANG_ENABLE_MODULES = YES;
				CLANG_ENABLE_OBJC_ARC = YES;
				CLANG_ENABLE_OBJC_WEAK = YES;
				CLANG_WARN_BLOCK_CAPTURE_AUTORELEASING = YES;
				CLANG_WARN_BOOL_CONVERSION = YES;
				CLANG_WARN_COMMA = YES;
				CLANG_WARN_CONSTANT_CONVERSION = YES;
				CLANG_WARN_DEPRECATED_OBJC_IMPLEMENTATIONS = YES;
				CLANG_WARN_DIRECT_OBJC_ISA_USAGE = YES_ERROR;
				CLANG_WARN_DOCUMENTATION_COMMENTS = YES;
				CLANG_WARN_EMPTY_BODY = YES;
				CLANG_WARN_ENUM_CONVERSION = YES;
				CLANG_WARN_INFINITE_RECURSION = YES;
				CLANG_WARN_INT_CONVERSION = YES;
				CLANG_WARN_NON_LITERAL_NULL_CONVERSION = YES;
				CLANG_WARN_OBJC_IMPLICIT_RETAIN_SELF = YES;
				CLANG_WARN_OBJC_LITERAL_CONVERSION = YES;
				CLANG_WARN_OBJC_ROOT_CLASS = YES_ERROR;
				CLANG_WARN_RANGE_LOOP_ANALYSIS = YES;
				CLANG_WARN_STRICT_PROTOTYPES = YES;
				CLANG_WARN_SUSPICIOUS_MOVE = YES;
				CLANG_WARN_UNGUARDED_AVAILABILITY = YES_AGGRESSIVE;
				CLANG_WARN_UNREACHABLE_CODE = YES;
				CLANG_WARN__DUPLICATE_METHOD_MATCH = YES;
				COPY_PHASE_STRIP = NO;
				DEBUG_INFORMATION_FORMAT = "dwarf-with-dsym";
				ENABLE_NS_ASSERTIONS = NO;
				ENABLE_STRICT_OBJC_MSGSEND = YES;
				GCC_C_LANGUAGE_STANDARD = gnu11;
				GCC_NO_COMMON_BLOCKS = YES;
				GCC_WARN_64_TO_32_BIT_CONVERSION = YES;
				GCC_WARN_ABOUT_RETURN_TYPE = YES_ERROR;
				GCC_WARN_UNDECLARED_SELECTOR = YES;
				GCC_WARN_UNINITIALIZED_AUTOS = YES_AGGRESSIVE;
				GCC_WARN_UNUSED_FUNCTION = YES;
				GCC_WARN_UNUSED_VARIABLE = YES;
				IPHONEOS_DEPLOYMENT_TARGET = 13.0;
				MTL_ENABLE_DEBUG_INFO = NO;
				MTL_FAST_MATH = YES;
				SDKROOT = iphoneos;
				SWIFT_COMPILATION_MODE = wholemodule;
				SWIFT_OPTIMIZATION_LEVEL = "-O";
				VALIDATE_PRODUCT = YES;
			};
			name = Release;
		};
		2986D8A6235FCC970064B4B7 /* Debug */ = {
			isa = XCBuildConfiguration;
			buildSettings = {
				ASSETCATALOG_COMPILER_APPICON_NAME = AppIcon;
				CODE_SIGN_STYLE = Automatic;
				DEVELOPMENT_TEAM = 5L5U5529ZE;
				FRAMEWORK_SEARCH_PATHS = (
					"$(inherited)",
					"$(PROJECT_DIR)/Carthage/Build/iOS",
				);
				INFOPLIST_FILE = RxSwiftSample/Info.plist;
				LD_RUNPATH_SEARCH_PATHS = (
					"$(inherited)",
					"@executable_path/Frameworks",
				);
				PRODUCT_BUNDLE_IDENTIFIER = com.lcr.RxSwiftSample;
				PRODUCT_NAME = "$(TARGET_NAME)";
				SWIFT_VERSION = 5.0;
				TARGETED_DEVICE_FAMILY = "1,2";
			};
			name = Debug;
		};
		2986D8A7235FCC970064B4B7 /* Release */ = {
			isa = XCBuildConfiguration;
			buildSettings = {
				ASSETCATALOG_COMPILER_APPICON_NAME = AppIcon;
				CODE_SIGN_STYLE = Automatic;
				DEVELOPMENT_TEAM = 5L5U5529ZE;
				FRAMEWORK_SEARCH_PATHS = (
					"$(inherited)",
					"$(PROJECT_DIR)/Carthage/Build/iOS",
				);
				INFOPLIST_FILE = RxSwiftSample/Info.plist;
				LD_RUNPATH_SEARCH_PATHS = (
					"$(inherited)",
					"@executable_path/Frameworks",
				);
				PRODUCT_BUNDLE_IDENTIFIER = com.lcr.RxSwiftSample;
				PRODUCT_NAME = "$(TARGET_NAME)";
				SWIFT_VERSION = 5.0;
				TARGETED_DEVICE_FAMILY = "1,2";
			};
			name = Release;
		};
		2986D8A9235FCC970064B4B7 /* Debug */ = {
			isa = XCBuildConfiguration;
			buildSettings = {
				ALWAYS_EMBED_SWIFT_STANDARD_LIBRARIES = YES;
				BUNDLE_LOADER = "$(TEST_HOST)";
				CODE_SIGN_STYLE = Automatic;
				DEVELOPMENT_TEAM = 5L5U5529ZE;
				INFOPLIST_FILE = RxSwiftSampleTests/Info.plist;
				IPHONEOS_DEPLOYMENT_TARGET = 13.0;
				LD_RUNPATH_SEARCH_PATHS = (
					"$(inherited)",
					"@executable_path/Frameworks",
					"@loader_path/Frameworks",
				);
				PRODUCT_BUNDLE_IDENTIFIER = com.lcr.RxSwiftSampleTests;
				PRODUCT_NAME = "$(TARGET_NAME)";
				SWIFT_VERSION = 5.0;
				TARGETED_DEVICE_FAMILY = "1,2";
				TEST_HOST = "$(BUILT_PRODUCTS_DIR)/RxSwiftSample.app/RxSwiftSample";
			};
			name = Debug;
		};
		2986D8AA235FCC970064B4B7 /* Release */ = {
			isa = XCBuildConfiguration;
			buildSettings = {
				ALWAYS_EMBED_SWIFT_STANDARD_LIBRARIES = YES;
				BUNDLE_LOADER = "$(TEST_HOST)";
				CODE_SIGN_STYLE = Automatic;
				DEVELOPMENT_TEAM = 5L5U5529ZE;
				INFOPLIST_FILE = RxSwiftSampleTests/Info.plist;
				IPHONEOS_DEPLOYMENT_TARGET = 13.0;
				LD_RUNPATH_SEARCH_PATHS = (
					"$(inherited)",
					"@executable_path/Frameworks",
					"@loader_path/Frameworks",
				);
				PRODUCT_BUNDLE_IDENTIFIER = com.lcr.RxSwiftSampleTests;
				PRODUCT_NAME = "$(TARGET_NAME)";
				SWIFT_VERSION = 5.0;
				TARGETED_DEVICE_FAMILY = "1,2";
				TEST_HOST = "$(BUILT_PRODUCTS_DIR)/RxSwiftSample.app/RxSwiftSample";
			};
			name = Release;
		};
		2986D8AC235FCC970064B4B7 /* Debug */ = {
			isa = XCBuildConfiguration;
			buildSettings = {
				ALWAYS_EMBED_SWIFT_STANDARD_LIBRARIES = YES;
				CODE_SIGN_STYLE = Automatic;
				DEVELOPMENT_TEAM = 5L5U5529ZE;
				INFOPLIST_FILE = RxSwiftSampleUITests/Info.plist;
				LD_RUNPATH_SEARCH_PATHS = (
					"$(inherited)",
					"@executable_path/Frameworks",
					"@loader_path/Frameworks",
				);
				PRODUCT_BUNDLE_IDENTIFIER = com.lcr.RxSwiftSampleUITests;
				PRODUCT_NAME = "$(TARGET_NAME)";
				SWIFT_VERSION = 5.0;
				TARGETED_DEVICE_FAMILY = "1,2";
				TEST_TARGET_NAME = RxSwiftSample;
			};
			name = Debug;
		};
		2986D8AD235FCC970064B4B7 /* Release */ = {
			isa = XCBuildConfiguration;
			buildSettings = {
				ALWAYS_EMBED_SWIFT_STANDARD_LIBRARIES = YES;
				CODE_SIGN_STYLE = Automatic;
				DEVELOPMENT_TEAM = 5L5U5529ZE;
				INFOPLIST_FILE = RxSwiftSampleUITests/Info.plist;
				LD_RUNPATH_SEARCH_PATHS = (
					"$(inherited)",
					"@executable_path/Frameworks",
					"@loader_path/Frameworks",
				);
				PRODUCT_BUNDLE_IDENTIFIER = com.lcr.RxSwiftSampleUITests;
				PRODUCT_NAME = "$(TARGET_NAME)";
				SWIFT_VERSION = 5.0;
				TARGETED_DEVICE_FAMILY = "1,2";
				TEST_TARGET_NAME = RxSwiftSample;
			};
			name = Release;
		};
/* End XCBuildConfiguration section */

/* Begin XCConfigurationList section */
		2986D876235FCC8A0064B4B7 /* Build configuration list for PBXProject "RxSwiftSample" */ = {
			isa = XCConfigurationList;
			buildConfigurations = (
				2986D8A3235FCC970064B4B7 /* Debug */,
				2986D8A4235FCC970064B4B7 /* Release */,
			);
			defaultConfigurationIsVisible = 0;
			defaultConfigurationName = Release;
		};
		2986D8A5235FCC970064B4B7 /* Build configuration list for PBXNativeTarget "RxSwiftSample" */ = {
			isa = XCConfigurationList;
			buildConfigurations = (
				2986D8A6235FCC970064B4B7 /* Debug */,
				2986D8A7235FCC970064B4B7 /* Release */,
			);
			defaultConfigurationIsVisible = 0;
			defaultConfigurationName = Release;
		};
		2986D8A8235FCC970064B4B7 /* Build configuration list for PBXNativeTarget "RxSwiftSampleTests" */ = {
			isa = XCConfigurationList;
			buildConfigurations = (
				2986D8A9235FCC970064B4B7 /* Debug */,
				2986D8AA235FCC970064B4B7 /* Release */,
			);
			defaultConfigurationIsVisible = 0;
			defaultConfigurationName = Release;
		};
		2986D8AB235FCC970064B4B7 /* Build configuration list for PBXNativeTarget "RxSwiftSampleUITests" */ = {
			isa = XCConfigurationList;
			buildConfigurations = (
				2986D8AC235FCC970064B4B7 /* Debug */,
				2986D8AD235FCC970064B4B7 /* Release */,
			);
			defaultConfigurationIsVisible = 0;
			defaultConfigurationName = Release;
		};
/* End XCConfigurationList section */
	};
	rootObject = 2986D873235FCC8A0064B4B7 /* Project object */;
}
